
Microsoft Visual Studio Solution File, Format Version 12.00
# Visual Studio Version 17
VisualStudioVersion = 17.14.37012.4
MinimumVisualStudioVersion = 10.0.40219.1
Project("{FAE04EC0-301F-11D3-BF4B-00C04F79EFBC}") = "UnitTestingPractice", "UnitTestingPractice\UnitTestingPractice.csproj", "{7B39BB94-5A66-42E2-817C-D8F57FDF9FF4}"
EndProject
Project("{FAE04EC0-301F-11D3-BF4B-00C04F79EFBC}") = "UnitTestingPractice.Tests", "UnitTestingPractice.Tests\UnitTestingPractice.Tests.csproj", "{66AED114-C07F-4580-9ECE-7D9BC3BE93E1}"
EndProject
Project("{FAE04EC0-301F-11D3-BF4B-00C04F79EFBC}") = "Controller_Tests", "Controller_Tests\Controller_Tests.csproj", "{FC9DB8F3-D298-415E-B28B-080C99028C78}"
EndProject
Project("{FAE04EC0-301F-11D3-BF4B-00C04F79EFBC}") = "Controller_Testing_Proj", "Controller_Testing_Proj\Controller_Testing_Proj.csproj", "{4C52F05F-15A5-4D51-9909-CF06BD2559A8}"
EndProject
Project("{FAE04EC0-301F-11D3-BF4B-00C04F79EFBC}") = "ProductAPiTesting", "ProductAPiTesting\ProductAPiTesting.csproj", "{730217E0-DAF2-4D3F-8DED-122728901F64}"
EndProject
Project("{FAE04EC0-301F-11D3-BF4B-00C04F79EFBC}") = "Product_APi_Tests", "Product_APi_Tests\Product_APi_Tests.csproj", "{6314168F-C461-4E27-9DFF-AA882A5E7D93}"
EndProject
Global
	GlobalSection(SolutionConfigurationPlatforms) = preSolution
		Debug|Any CPU = Debug|Any CPU
		Release|Any CPU = Release|Any CPU
	EndGlobalSection
	GlobalSection(ProjectConfigurationPlatforms) = postSolution
		{7B39BB94-5A66-42E2-817C-D8F57FDF9FF4}.Debug|Any CPU.ActiveCfg = Debug|Any CPU
		{7B39BB94-5A66-42E2-817C-D8F57FDF9FF4}.Debug|Any CPU.Build.0 = Debug|Any CPU
		{7B39BB94-5A66-42E2-817C-D8F57FDF9FF4}.Release|Any CPU.ActiveCfg = Release|Any CPU
		{7B39BB94-5A66-42E2-817C-D8F57FDF9FF4}.Release|Any CPU.Build.0 = Release|Any CPU
		{66AED114-C07F-4580-9ECE-7D9BC3BE93E1}.Debug|Any CPU.ActiveCfg = Debug|Any CPU
		{66AED114-C07F-4580-9ECE-7D9BC3BE93E1}.Debug|Any CPU.Build.0 = Debug|Any CPU
		{66AED114-C07F-4580-9ECE-7D9BC3BE93E1}.Release|Any CPU.ActiveCfg = Release|Any CPU
		{66AED114-C07F-4580-9ECE-7D9BC3BE93E1}.Release|Any CPU.Build.0 = Release|Any CPU
		{FC9DB8F3-D298-415E-B28B-080C99028C78}.Debug|Any CPU.ActiveCfg = Debug|Any CPU
		{FC9DB8F3-D298-415E-B28B-080C99028C78}.Debug|Any CPU.Build.0 = Debug|Any CPU
		{FC9DB8F3-D298-415E-B28B-080C99028C78}.Release|Any CPU.ActiveCfg = Release|Any CPU
		{FC9DB8F3-D298-415E-B28B-080C99028C78}.Release|Any CPU.Build.0 = Release|Any CPU
		{4C52F05F-15A5-4D51-9909-CF06BD2559A8}.Debug|Any CPU.ActiveCfg = Debug|Any CPU
		{4C52F05F-15A5-4D51-9909-CF06BD2559A8}.Debug|Any CPU.Build.0 = Debug|Any CPU
		{4C52F05F-15A5-4D51-9909-CF06BD2559A8}.Release|Any CPU.ActiveCfg = Release|Any CPU
		{4C52F05F-15A5-4D51-9909-CF06BD2559A8}.Release|Any CPU.Build.0 = Release|Any CPU
		{730217E0-DAF2-4D3F-8DED-122728901F64}.Debug|Any CPU.ActiveCfg = Debug|Any CPU
		{730217E0-DAF2-4D3F-8DED-122728901F64}.Debug|Any CPU.Build.0 = Debug|Any CPU
		{730217E0-DAF2-4D3F-8DED-122728901F64}.Release|Any CPU.ActiveCfg = Release|Any CPU
		{730217E0-DAF2-4D3F-8DED-122728901F64}.Release|Any CPU.Build.0 = Release|Any CPU
		{6314168F-C461-4E27-9DFF-AA882A5E7D93}.Debug|Any CPU.ActiveCfg = Debug|Any CPU
		{6314168F-C461-4E27-9DFF-AA882A5E7D93}.Debug|Any CPU.Build.0 = Debug|Any CPU
		{6314168F-C461-4E27-9DFF-AA882A5E7D93}.Release|Any CPU.ActiveCfg = Release|Any CPU
		{6314168F-C461-4E27-9DFF-AA882A5E7D93}.Release|Any CPU.Build.0 = Release|Any CPU
	EndGlobalSection
	GlobalSection(SolutionProperties) = preSolution
		HideSolutionNode = FALSE
	EndGlobalSection
	GlobalSection(ExtensibilityGlobals) = postSolution
		SolutionGuid = {1491467B-1C44-4B7A-A2EE-CAE4A612276A}
	EndGlobalSection
EndGlobal
